<?xml version="1.0" encoding="UTF-8" standalone="yes" ?>
<CodeBlocks_project_file>
	<FileVersion major="1" minor="6" />
	<Project>
		<Option title="EncryptioGuiCodeBlocks" />
		<Option pch_mode="2" />
		<Option compiler="gcc" />
		<Build>
			<Target title="Debug">
				<Option output="bin/Debug/EncryptioGuiCodeBlocks" prefix_auto="1" extension_auto="1" />
				<Option object_output="obj/Debug/" />
				<Option type="1" />
				<Option compiler="gcc" />
				<Compiler>
					<Add option="-g" />
				</Compiler>
			</Target>
			<Target title="Release">
				<Option output="bin/Release/EncryptioGuiCodeBlocks" prefix_auto="1" extension_auto="1" />
				<Option object_output="obj/Release/" />
				<Option type="1" />
				<Option compiler="gcc" />
				<Compiler>
					<Add option="-O2" />
				</Compiler>
				<Linker>
					<Add option="-s" />
				</Linker>
			</Target>
		</Build>
		<Compiler>
			<Add option="-Wall" />
		</Compiler>
		<Unit filename="caesarCipher.cpp" />
		<Unit filename="caesarCipher.h" />
		<Unit filename="cipher.cpp" />
		<Unit filename="cipher.h" />
		<Unit filename="columnarTransCipher.cpp" />
		<Unit filename="columnarTransCipher.h" />
		<Unit filename="fourSquareCipher.cpp" />
		<Unit filename="fourSquareCipher.h" />
		<Unit filename="hillCipher.cpp" />
		<Unit filename="hillCipher.h" />
		<Unit filename="main.cpp" />
		<Unit filename="padding.cpp" />
		<Unit filename="padding.h" />
		<Unit filename="playfairCipher.cpp" />
		<Unit filename="playfairCipher.h" />
		<Unit filename="railFenceCipher.cpp" />
		<Unit filename="railFenceCipher.h" />
		<Unit filename="vigenereCipher.cpp" />
		<Unit filename="vigenereCipher.h" />
		<Extensions>
			<code_completion />
			<envvars />
			<debugger />
			<lib_finder disable_auto="1" />
		</Extensions>
	</Project>
</CodeBlocks_project_file>
